// !$*UTF8*$!
{
	archiveVersion = 1;
	classes = {
	};
	objectVersion = 50;
	objects = {

/* Begin PBXBuildFile section */
		870C2DD525EFCE7800F13353 /* AppDelegate.swift in Sources */ = {isa = PBXBuildFile; fileRef = 870C2DD425EFCE7800F13353 /* AppDelegate.swift */; };
		870C2DD725EFCE7800F13353 /* SceneDelegate.swift in Sources */ = {isa = PBXBuildFile; fileRef = 870C2DD625EFCE7800F13353 /* SceneDelegate.swift */; };
		870C2DD925EFCE7800F13353 /* ViewController.swift in Sources */ = {isa = PBXBuildFile; fileRef = 870C2DD825EFCE7800F13353 /* ViewController.swift */; };
		870C2DDC25EFCE7800F13353 /* Main.storyboard in Resources */ = {isa = PBXBuildFile; fileRef = 870C2DDA25EFCE7800F13353 /* Main.storyboard */; };
		870C2DDF25EFCE7800F13353 /* NewPink.xcdatamodeld in Sources */ = {isa = PBXBuildFile; fileRef = 870C2DDD25EFCE7800F13353 /* NewPink.xcdatamodeld */; };
		870C2DE125EFCE7900F13353 /* Assets.xcassets in Resources */ = {isa = PBXBuildFile; fileRef = 870C2DE025EFCE7900F13353 /* Assets.xcassets */; };
		870C2DE425EFCE7900F13353 /* LaunchScreen.storyboard in Resources */ = {isa = PBXBuildFile; fileRef = 870C2DE225EFCE7900F13353 /* LaunchScreen.storyboard */; };
/* End PBXBuildFile section */

/* Begin PBXFileReference section */
		870C2DD125EFCE7800F13353 /* NewPink.app */ = {isa = PBXFileReference; explicitFileType = wrapper.application; includeInIndex = 0; path = NewPink.app; sourceTree = BUILT_PRODUCTS_DIR; };
		870C2DD425EFCE7800F13353 /* AppDelegate.swift */ = {isa = PBXFileReference; lastKnownFileType = sourcecode.swift; path = AppDelegate.swift; sourceTree = "<group>"; };
		870C2DD625EFCE7800F13353 /* SceneDelegate.swift */ = {isa = PBXFileReference; lastKnownFileType = sourcecode.swift; path = SceneDelegate.swift; sourceTree = "<group>"; };
		870C2DD825EFCE7800F13353 /* ViewController.swift */ = {isa = PBXFileReference; lastKnownFileType = sourcecode.swift; path = ViewController.swift; sourceTree = "<group>"; };
		870C2DDB25EFCE7800F13353 /* Base */ = {isa = PBXFileReference; lastKnownFileType = file.storyboard; name = Base; path = Base.lproj/Main.storyboard; sourceTree = "<group>"; };
		870C2DDE25EFCE7800F13353 /* NewPink.xcdatamodel */ = {isa = PBXFileReference; lastKnownFileType = wrapper.xcdatamodel; path = NewPink.xcdatamodel; sourceTree = "<group>"; };
		870C2DE025EFCE7900F13353 /* Assets.xcassets */ = {isa = PBXFileReference; lastKnownFileType = folder.assetcatalog; path = Assets.xcassets; sourceTree = "<group>"; };
		870C2DE325EFCE7900F13353 /* Base */ = {isa = PBXFileReference; lastKnownFileType = file.storyboard; name = Base; path = Base.lproj/LaunchScreen.storyboard; sourceTree = "<group>"; };
		870C2DE525EFCE7900F13353 /* Info.plist */ = {isa = PBXFileReference; lastKnownFileType = text.plist.xml; path = Info.plist; sourceTree = "<group>"; };
/* End PBXFileReference section */

/* Begin PBXFrameworksBuildPhase section */
		870C2DCE25EFCE7800F13353 /* Frameworks */ = {
			isa = PBXFrameworksBuildPhase;
			buildActionMask = 2147483647;
			files = (
			);
			runOnlyForDeploymentPostprocessing = 0;
		};
/* End PBXFrameworksBuildPhase section */

/* Begin PBXGroup section */
		870C2DC825EFCE7800F13353 = {
			isa = PBXGroup;
			children = (
				870C2DD325EFCE7800F13353 /* NewPink */,
				870C2DD225EFCE7800F13353 /* Products */,
			);
			sourceTree = "<group>";
		};
		870C2DD225EFCE7800F13353 /* Products */ = {
			isa = PBXGroup;
			children = (
				870C2DD125EFCE7800F13353 /* NewPink.app */,
			);
			name = Products;
			sourceTree = "<group>";
		};
		870C2DD325EFCE7800F13353 /* NewPink */ = {
			isa = PBXGroup;
			children = (
				870C2DD425EFCE7800F13353 /* AppDelegate.swift */,
				870C2DD625EFCE7800F13353 /* SceneDelegate.swift */,
				870C2DD825EFCE7800F13353 /* ViewController.swift */,
				870C2DDA25EFCE7800F13353 /* Main.storyboard */,
				870C2DE025EFCE7900F13353 /* Assets.xcassets */,
				870C2DE225EFCE7900F13353 /* LaunchScreen.storyboard */,
				870C2DE525EFCE7900F13353 /* Info.plist */,
				870C2DDD25EFCE7800F13353 /* NewPink.xcdatamodeld */,
			);
			path = NewPink;
			sourceTree = "<group>";
		};
/* End PBXGroup section */

/* Begin PBXNativeTarget section */
		870C2DD025EFCE7800F13353 /* NewPink */ = {
			isa = PBXNativeTarget;
			buildConfigurationList = 870C2DE825EFCE7900F13353 /* Build configuration list for PBXNativeTarget "NewPink" */;
			buildPhases = (
				870C2DCD25EFCE7800F13353 /* Sources */,
				870C2DCE25EFCE7800F13353 /* Frameworks */,
				870C2DCF25EFCE7800F13353 /* Resources */,
			);
			buildRules = (
			);
			dependencies = (
			);
			name = NewPink;
			productName = NewPink;
			productReference = 870C2DD125EFCE7800F13353 /* NewPink.app */;
			productType = "com.apple.product-type.application";
		};
/* End PBXNativeTarget section */

/* Begin PBXProject section */
		870C2DC925EFCE7800F13353 /* Project object */ = {
			isa = PBXProject;
			attributes = {
				LastSwiftUpdateCheck = 1240;
				LastUpgradeCheck = 1240;
				TargetAttributes = {
					870C2DD025EFCE7800F13353 = {
						CreatedOnToolsVersion = 12.4;
					};
				};
			};
			buildConfigurationList = 870C2DCC25EFCE7800F13353 /* Build configuration list for PBXProject "NewPink" */;
			compatibilityVersion = "Xcode 9.3";
			developmentRegion = en;
			hasScannedForEncodings = 0;
			knownRegions = (
				en,
				Base,
			);
			mainGroup = 870C2DC825EFCE7800F13353;
			productRefGroup = 870C2DD225EFCE7800F13353 /* Products */;
			projectDirPath = "";
			projectRoot = "";
			targets = (
				870C2DD025EFCE7800F13353 /* NewPink */,
			);
		};
/* End PBXProject section */

/* Begin PBXResourcesBuildPhase section */
		870C2DCF25EFCE7800F13353 /* Resources */ = {
			isa = PBXResourcesBuildPhase;
			buildActionMask = 2147483647;
			files = (
				870C2DE425EFCE7900F13353 /* LaunchScreen.storyboard in Resources */,
				870C2DE125EFCE7900F13353 /* Assets.xcassets in Resources */,
				870C2DDC25EFCE7800F13353 /* Main.storyboard in Resources */,
			);
			runOnlyForDeploymentPostprocessing = 0;
		};
/* End PBXResourcesBuildPhase section */

/* Begin PBXSourcesBuildPhase section */
		870C2DCD25EFCE7800F13353 /* Sources */ = {
			isa = PBXSourcesBuildPhase;
			buildActionMask = 2147483647;
			files = (
				870C2DDF25EFCE7800F13353 /* NewPink.xcdatamodeld in Sources */,
				870C2DD925EFCE7800F13353 /* ViewController.swift in Sources */,
				870C2DD525EFCE7800F13353 /* AppDelegate.swift in Sources */,
				870C2DD725EFCE7800F13353 /* SceneDelegate.swift in Sources */,
			);
			runOnlyForDeploymentPostprocessing = 0;
		};
/* End PBXSourcesBuildPhase section */

/* Begin PBXVariantGroup section */
		870C2DDA25EFCE7800F13353 /* Main.storyboard */ = {
			isa = PBXVariantGroup;
			children = (
				870C2DDB25EFCE7800F13353 /* Base */,
			);
			name = Main.storyboard;
			sourceTree = "<group>";
		};
		870C2DE225EFCE7900F13353 /* LaunchScreen.storyboard */ = {
			isa = PBXVariantGroup;
			children = (
				870C2DE325EFCE7900F13353 /* Base */,
			);
			name = LaunchScreen.storyboard;
			sourceTree = "<group>";
		};
/* End PBXVariantGroup section */

/* Begin XCBuildConfiguration section */
		870C2DE625EFCE7900F13353 /* Debug */ = {
			isa = XCBuildConfiguration;
			buildSettings = {
				ALWAYS_SEARCH_USER_PATHS = NO;
				CLANG_ANALYZER_NONNULL = YES;
				CLANG_ANALYZER_NUMBER_OBJECT_CONVERSION = YES_AGGRESSIVE;
				CLANG_CXX_LANGUAGE_STANDARD = "gnu++14";
				CLANG_CXX_LIBRARY = "libc++";
				CLANG_ENABLE_MODULES = YES;
				CLANG_ENABLE_OBJC_ARC = YES;
				CLANG_ENABLE_OBJC_WEAK = YES;
				CLANG_WARN_BLOCK_CAPTURE_AUTORELEASING = YES;
				CLANG_WARN_BOOL_CONVERSION = YES;
				CLANG_WARN_COMMA = YES;
				CLANG_WARN_CONSTANT_CONVERSION = YES;
				CLANG_WARN_DEPRECATED_OBJC_IMPLEMENTATIONS = YES;
				CLANG_WARN_DIRECT_OBJC_ISA_USAGE = YES_ERROR;
				CLANG_WARN_DOCUMENTATION_COMMENTS = YES;
				CLANG_WARN_EMPTY_BODY = YES;
				CLANG_WARN_ENUM_CONVERSION = YES;
				CLANG_WARN_INFINITE_RECURSION = YES;
				CLANG_WARN_INT_CONVERSION = YES;
				CLANG_WARN_NON_LITERAL_NULL_CONVERSION = YES;
				CLANG_WARN_OBJC_IMPLICIT_RETAIN_SELF = YES;
				CLANG_WARN_OBJC_LITERAL_CONVERSION = YES;
				CLANG_WARN_OBJC_ROOT_CLASS = YES_ERROR;
				CLANG_WARN_QUOTED_INCLUDE_IN_FRAMEWORK_HEADER = YES;
				CLANG_WARN_RANGE_LOOP_ANALYSIS = YES;
				CLANG_WARN_STRICT_PROTOTYPES = YES;
				CLANG_WARN_SUSPICIOUS_MOVE = YES;
				CLANG_WARN_UNGUARDED_AVAILABILITY = YES_AGGRESSIVE;
				CLANG_WARN_UNREACHABLE_CODE = YES;
				CLANG_WARN__DUPLICATE_METHOD_MATCH = YES;
				COPY_PHASE_STRIP = NO;
				DEBUG_INFORMATION_FORMAT = dwarf;
				ENABLE_STRICT_OBJC_MSGSEND = YES;
				ENABLE_TESTABILITY = YES;
				GCC_C_LANGUAGE_STANDARD = gnu11;
				GCC_DYNAMIC_NO_PIC = NO;
				GCC_NO_COMMON_BLOCKS = YES;
				GCC_OPTIMIZATION_LEVEL = 0;
				GCC_PREPROCESSOR_DEFINITIONS = (
					"DEBUG=1",
					"$(inherited)",
				);
				GCC_WARN_64_TO_32_BIT_CONVERSION = YES;
				GCC_WARN_ABOUT_RETURN_TYPE = YES_ERROR;
				GCC_WARN_UNDECLARED_SELECTOR = YES;
				GCC_WARN_UNINITIALIZED_AUTOS = YES_AGGRESSIVE;
				GCC_WARN_UNUSED_FUNCTION = YES;
				GCC_WARN_UNUSED_VARIABLE = YES;
				IPHONEOS_DEPLOYMENT_TARGET = 14.4;
				MTL_ENABLE_DEBUG_INFO = INCLUDE_SOURCE;
				MTL_FAST_MATH = YES;
				ONLY_ACTIVE_ARCH = YES;
				SDKROOT = iphoneos;
				SWIFT_ACTIVE_COMPILATION_CONDITIONS = DEBUG;
				SWIFT_OPTIMIZATION_LEVEL = "-Onone";
			};
			name = Debug;
		};
		870C2DE725EFCE7900F13353 /* Release */ = {
			isa = XCBuildConfiguration;
			buildSettings = {
				ALWAYS_SEARCH_USER_PATHS = NO;
				CLANG_ANALYZER_NONNULL = YES;
				CLANG_ANALYZER_NUMBER_OBJECT_CONVERSION = YES_AGGRESSIVE;
				CLANG_CXX_LANGUAGE_STANDARD = "gnu++14";
				CLANG_CXX_LIBRARY = "libc++";
				CLANG_ENABLE_MODULES = YES;
				CLANG_ENABLE_OBJC_ARC = YES;
				CLANG_ENABLE_OBJC_WEAK = YES;
				CLANG_WARN_BLOCK_CAPTURE_AUTORELEASING = YES;
				CLANG_WARN_BOOL_CONVERSION = YES;
				CLANG_WARN_COMMA = YES;
				CLANG_WARN_CONSTANT_CONVERSION = YES;
				CLANG_WARN_DEPRECATED_OBJC_IMPLEMENTATIONS = YES;
				CLANG_WARN_DIRECT_OBJC_ISA_USAGE = YES_ERROR;
				CLANG_WARN_DOCUMENTATION_COMMENTS = YES;
				CLANG_WARN_EMPTY_BODY = YES;
				CLANG_WARN_ENUM_CONVERSION = YES;
				CLANG_WARN_INFINITE_RECURSION = YES;
				CLANG_WARN_INT_CONVERSION = YES;
				CLANG_WARN_NON_LITERAL_NULL_CONVERSION = YES;
				CLANG_WARN_OBJC_IMPLICIT_RETAIN_SELF = YES;
				CLANG_WARN_OBJC_LITERAL_CONVERSION = YES;
				CLANG_WARN_OBJC_ROOT_CLASS = YES_ERROR;
				CLANG_WARN_QUOTED_INCLUDE_IN_FRAMEWORK_HEADER = YES;
				CLANG_WARN_RANGE_LOOP_ANALYSIS = YES;
				CLANG_WARN_STRICT_PROTOTYPES = YES;
				CLANG_WARN_SUSPICIOUS_MOVE = YES;
				CLANG_WARN_UNGUARDED_AVAILABILITY = YES_AGGRESSIVE;
				CLANG_WARN_UNREACHABLE_CODE = YES;
				CLANG_WARN__DUPLICATE_METHOD_MATCH = YES;
				COPY_PHASE_STRIP = NO;
				DEBUG_INFORMATION_FORMAT = "dwarf-with-dsym";
				ENABLE_NS_ASSERTIONS = NO;
				ENABLE_STRICT_OBJC_MSGSEND = YES;
				GCC_C_LANGUAGE_STANDARD = gnu11;
				GCC_NO_COMMON_BLOCKS = YES;
				GCC_WARN_64_TO_32_BIT_CONVERSION = YES;
				GCC_WARN_ABOUT_RETURN_TYPE = YES_ERROR;
				GCC_WARN_UNDECLARED_SELECTOR = YES;
				GCC_WARN_UNINITIALIZED_AUTOS = YES_AGGRESSIVE;
				GCC_WARN_UNUSED_FUNCTION = YES;
				GCC_WARN_UNUSED_VARIABLE = YES;
				IPHONEOS_DEPLOYMENT_TARGET = 14.4;
				MTL_ENABLE_DEBUG_INFO = NO;
				MTL_FAST_MATH = YES;
				SDKROOT = iphoneos;
				SWIFT_COMPILATION_MODE = wholemodule;
				SWIFT_OPTIMIZATION_LEVEL = "-O";
				VALIDATE_PRODUCT = YES;
			};
			name = Release;
		};
		870C2DE925EFCE7900F13353 /* Debug */ = {
			isa = XCBuildConfiguration;
			buildSettings = {
				ASSETCATALOG_COMPILER_APPICON_NAME = AppIcon;
				ASSETCATALOG_COMPILER_GLOBAL_ACCENT_COLOR_NAME = AccentColor;
				CODE_SIGN_STYLE = Automatic;
				DEVELOPMENT_TEAM = U4UJPX657J;
				INFOPLIST_FILE = NewPink/Info.plist;
				LD_RUNPATH_SEARCH_PATHS = (
					"$(inherited)",
					"@executable_path/Frameworks",
				);
				PRODUCT_BUNDLE_IDENTIFIER = com.wong.NewPink;
				PRODUCT_NAME = "$(TARGET_NAME)";
				SWIFT_VERSION = 5.0;
				TARGETED_DEVICE_FAMILY = "1,2";
			};
			name = Debug;
		};
		870C2DEA25EFCE7900F13353 /* Release */ = {
			isa = XCBuildConfiguration;
			buildSettings = {
				ASSETCATALOG_COMPILER_APPICON_NAME = AppIcon;
				ASSETCATALOG_COMPILER_GLOBAL_ACCENT_COLOR_NAME = AccentColor;
				CODE_SIGN_STYLE = Automatic;
				DEVELOPMENT_TEAM = U4UJPX657J;
				INFOPLIST_FILE = NewPink/Info.plist;
				LD_RUNPATH_SEARCH_PATHS = (
					"$(inherited)",
					"@executable_path/Frameworks",
				);
				PRODUCT_BUNDLE_IDENTIFIER = com.wong.NewPink;
				PRODUCT_NAME = "$(TARGET_NAME)";
				SWIFT_VERSION = 5.0;
				TARGETED_DEVICE_FAMILY = "1,2";
			};
			name = Release;
		};
/* End XCBuildConfiguration section */

/* Begin XCConfigurationList section */
		870C2DCC25EFCE7800F13353 /* Build configuration list for PBXProject "NewPink" */ = {
			isa = XCConfigurationList;
			buildConfigurations = (
				870C2DE625EFCE7900F13353 /* Debug */,
				870C2DE725EFCE7900F13353 /* Release */,
			);
			defaultConfigurationIsVisible = 0;
			defaultConfigurationName = Release;
		};
		870C2DE825EFCE7900F13353 /* Build configuration list for PBXNativeTarget "NewPink" */ = {
			isa = XCConfigurationList;
			buildConfigurations = (
				870C2DE925EFCE7900F13353 /* Debug */,
				870C2DEA25EFCE7900F13353 /* Release */,
			);
			defaultConfigurationIsVisible = 0;
			defaultConfigurationName = Release;
		};
/* End XCConfigurationList section */

/* Begin XCVersionGroup section */
		870C2DDD25EFCE7800F13353 /* NewPink.xcdatamodeld */ = {
			isa = XCVersionGroup;
			children = (
				870C2DDE25EFCE7800F13353 /* NewPink.xcdatamodel */,
			);
			currentVersion = 870C2DDE25EFCE7800F13353 /* NewPink.xcdatamodel */;
			path = NewPink.xcdatamodeld;
			sourceTree = "<group>";
			versionGroupType = wrapper.xcdatamodel;
		};
/* End XCVersionGroup section */
	};
	rootObject = 870C2DC925EFCE7800F13353 /* Project object */;
}
